PODS:
  - AFNetworking (3.2.1):
    - AFNetworking/NSURLSession (= 3.2.1)
    - AFNetworking/Reachability (= 3.2.1)
    - AFNetworking/Security (= 3.2.1)
    - AFNetworking/Serialization (= 3.2.1)
    - AFNetworking/UIKit (= 3.2.1)
  - AFNetworking/NSURLSession (3.2.1):
    - AFNetworking/Reachability
    - AFNetworking/Security
    - AFNetworking/Serialization
  - AFNetworking/Reachability (3.2.1)
  - AFNetworking/Security (3.2.1)
  - AFNetworking/Serialization (3.2.1)
  - AFNetworking/UIKit (3.2.1):
    - AFNetworking/NSURLSession
  - JKAlertX (0.3.5)
  - Masonry (1.1.0)
  - OMPromises (0.8.1):
    - OMPromises/Core (= 0.8.1)
  - OMPromises/Core (0.8.1)
  - PromiseKit (6.8.4):
    - PromiseKit/CorePromise (= 6.8.4)
    - PromiseKit/Foundation (= 6.8.4)
    - PromiseKit/UIKit (= 6.8.4)
  - PromiseKit/CorePromise (6.8.4)
  - PromiseKit/Foundation (6.8.4):
    - PromiseKit/CorePromise
  - PromiseKit/UIKit (6.8.4):
    - PromiseKit/CorePromise
  - ReactiveCocoa (2.1.8):
    - ReactiveCocoa/Core (= 2.1.8)
    - ReactiveCocoa/no-arc (= 2.1.8)
  - ReactiveCocoa/Core (2.1.8):
    - ReactiveCocoa/no-arc
  - ReactiveCocoa/no-arc (2.1.8)
  - WBNetwork (0.1.2):
    - AFNetworking

DEPENDENCIES:
  - AFNetworking (~> 3.0)
  - JKAlertX
  - Masonry
  - OMPromises (~> 0.8.1)
  - PromiseKit (~> 6.8)
  - ReactiveCocoa (= 2.1.8)
  - WBNetwork

SPEC REPOS:
  https://github.com/cocoapods/specs.git:
    - AFNetworking
    - JKAlertX
    - Masonry
    - OMPromises
    - PromiseKit
    - ReactiveCocoa
    - WBNetwork

SPEC CHECKSUMS:
  AFNetworking: b6f891fdfaed196b46c7a83cf209e09697b94057
  JKAlertX: f0dfc46337378b2084c54cd02417d9830975e8a4
  Masonry: 678fab65091a9290e40e2832a55e7ab731aad201
  OMPromises: aa67585ad14d3cfbf8fbf5b339d4e7cbb97ad6ec
  PromiseKit: 51794a832647e7b819336dc2279039ce9f1cc49b
  ReactiveCocoa: f89f2e009a87951b50321bf9feb958823fcc617e
  WBNetwork: 79a337728380cdfeb08eab2a7b79b1cd60c18a8c

PODFILE CHECKSUM: f6ba15d6b3ee628bf36b52bb9b3b5187a295ecb8

COCOAPODS: 1.5.3
