// !$*UTF8*$!
{
	archiveVersion = 1;
	classes = {
	};
	objectVersion = 50;
	objects = {

/* Begin PBXBuildFile section */
		51F2FC9888E5EB10CAD193D0 /* libPods-geekTimeStudyTests.a in Frameworks */ = {isa = PBXBuildFile; fileRef = 42083A1494AEA2712CF8E599 /* libPods-geekTimeStudyTests.a */; };
		8D6C72D3BA7A33CA4A83BFEB /* libPods-geekTimeStudy.a in Frameworks */ = {isa = PBXBuildFile; fileRef = 3372F1A5A307455231F11562 /* libPods-geekTimeStudy.a */; };
		A40D3C94228955AF00EA367E /* SkyLab.m in Sources */ = {isa = PBXBuildFile; fileRef = A40D3C93228955AF00EA367E /* SkyLab.m */; };
		A40D3C982289569D00EA367E /* ABTestViewController.m in Sources */ = {isa = PBXBuildFile; fileRef = A40D3C962289569D00EA367E /* ABTestViewController.m */; };
		A40D3C992289569D00EA367E /* ABTestViewController.xib in Resources */ = {isa = PBXBuildFile; fileRef = A40D3C972289569D00EA367E /* ABTestViewController.xib */; };
		A40D3CAB228D567D00EA367E /* Assets.xcassets in Resources */ = {isa = PBXBuildFile; fileRef = A40D3CAA228D567D00EA367E /* Assets.xcassets */; };
		A40D3CB1228D59BF00EA367E /* Live.storyboard in Resources */ = {isa = PBXBuildFile; fileRef = A40D3CB0228D59BF00EA367E /* Live.storyboard */; };
		A40D3CB6228D5A4300EA367E /* Follow.storyboard in Resources */ = {isa = PBXBuildFile; fileRef = A40D3CB4228D5A4300EA367E /* Follow.storyboard */; };
		A40D3CB8228D5A8300EA367E /* Profile.storyboard in Resources */ = {isa = PBXBuildFile; fileRef = A40D3CB7228D5A8300EA367E /* Profile.storyboard */; };
		A40D3CBD228D5B1F00EA367E /* MainViewController.swift in Sources */ = {isa = PBXBuildFile; fileRef = A40D3CBC228D5B1F00EA367E /* MainViewController.swift */; };
		A40D3CC5228D638600EA367E /* HomeViewController.swift in Sources */ = {isa = PBXBuildFile; fileRef = A40D3CC4228D638600EA367E /* HomeViewController.swift */; };
		A40D3CC8228D655300EA367E /* SwiftLearning.swift in Sources */ = {isa = PBXBuildFile; fileRef = A40D3CC7228D655300EA367E /* SwiftLearning.swift */; };
		A40D3CCD228E995000EA367E /* Person.swift in Sources */ = {isa = PBXBuildFile; fileRef = A40D3CCC228E995000EA367E /* Person.swift */; };
		A40D3CCF228E99E300EA367E /* Person+Extension.swift in Sources */ = {isa = PBXBuildFile; fileRef = A40D3CCE228E99E300EA367E /* Person+Extension.swift */; };
		A40D3CD1228EA9CD00EA367E /* Home.storyboard in Resources */ = {isa = PBXBuildFile; fileRef = A40D3CD0228EA9CD00EA367E /* Home.storyboard */; };
		A40D3CD4228EAA7500EA367E /* UIBarButtonItem+extension.swift in Sources */ = {isa = PBXBuildFile; fileRef = A40D3CD3228EAA7500EA367E /* UIBarButtonItem+extension.swift */; };
		A40D3CD7229234BF00EA367E /* PageTitleView.swift in Sources */ = {isa = PBXBuildFile; fileRef = A40D3CD6229234BF00EA367E /* PageTitleView.swift */; };
		A40D3CD9229238D200EA367E /* CommonConstant.swift in Sources */ = {isa = PBXBuildFile; fileRef = A40D3CD8229238D200EA367E /* CommonConstant.swift */; };
		A40D3CDB22924CF300EA367E /* PageContentView.swift in Sources */ = {isa = PBXBuildFile; fileRef = A40D3CDA22924CF300EA367E /* PageContentView.swift */; };
		A40D3CDD2292514400EA367E /* UIColor+Extension.swift in Sources */ = {isa = PBXBuildFile; fileRef = A40D3CDC2292514400EA367E /* UIColor+Extension.swift */; };
		A411B86A22891AB60060C0CF /* libOMPromises.a in Frameworks */ = {isa = PBXBuildFile; fileRef = A411B86922891AB60060C0CF /* libOMPromises.a */; };
		A454487D22840E6700FF66EC /* NSObject+MyCalculate.m in Sources */ = {isa = PBXBuildFile; fileRef = A454487C22840E6700FF66EC /* NSObject+MyCalculate.m */; };
		A454488022840ED200FF66EC /* CManager.m in Sources */ = {isa = PBXBuildFile; fileRef = A454487F22840ED200FF66EC /* CManager.m */; };
		A4698F9E2293FA1F00E4C13C /* RecommendViewController.swift in Sources */ = {isa = PBXBuildFile; fileRef = A4698F9D2293FA1F00E4C13C /* RecommendViewController.swift */; };
		A4698FA22294CC2800E4C13C /* NormalCollectionViewCell.swift in Sources */ = {isa = PBXBuildFile; fileRef = A4698FA02294CC2800E4C13C /* NormalCollectionViewCell.swift */; };
		A4698FA32294CC2800E4C13C /* NormalCollectionViewCell.xib in Resources */ = {isa = PBXBuildFile; fileRef = A4698FA12294CC2800E4C13C /* NormalCollectionViewCell.xib */; };
		A4698FA62294CCD600E4C13C /* HeaderView.swift in Sources */ = {isa = PBXBuildFile; fileRef = A4698FA42294CCD600E4C13C /* HeaderView.swift */; };
		A4698FA72294CCD600E4C13C /* HeaderView.xib in Resources */ = {isa = PBXBuildFile; fileRef = A4698FA52294CCD600E4C13C /* HeaderView.xib */; };
		A4698FAA2294DBDE00E4C13C /* PrettyCollectionViewCell.swift in Sources */ = {isa = PBXBuildFile; fileRef = A4698FA82294DBDE00E4C13C /* PrettyCollectionViewCell.swift */; };
		A4698FAB2294DBDE00E4C13C /* PrettyCollectionViewCell.xib in Resources */ = {isa = PBXBuildFile; fileRef = A4698FA92294DBDE00E4C13C /* PrettyCollectionViewCell.xib */; };
		A4DE378A22893E6C005B8B9F /* Test.swift in Sources */ = {isa = PBXBuildFile; fileRef = A4DE378922893E6C005B8B9F /* Test.swift */; };
		A4E11A952283FB8500E1718D /* AppDelegate.m in Sources */ = {isa = PBXBuildFile; fileRef = A4E11A942283FB8500E1718D /* AppDelegate.m */; };
		A4E11A982283FB8500E1718D /* ViewController.m in Sources */ = {isa = PBXBuildFile; fileRef = A4E11A972283FB8500E1718D /* ViewController.m */; };
		A4E11A9B2283FB8500E1718D /* Main.storyboard in Resources */ = {isa = PBXBuildFile; fileRef = A4E11A992283FB8500E1718D /* Main.storyboard */; };
		A4E11AA02283FB8700E1718D /* LaunchScreen.storyboard in Resources */ = {isa = PBXBuildFile; fileRef = A4E11A9E2283FB8700E1718D /* LaunchScreen.storyboard */; };
		A4E11AA32283FB8700E1718D /* main.m in Sources */ = {isa = PBXBuildFile; fileRef = A4E11AA22283FB8700E1718D /* main.m */; };
		A4E11AAD2283FB8700E1718D /* geekTimeStudyTests.m in Sources */ = {isa = PBXBuildFile; fileRef = A4E11AAC2283FB8700E1718D /* geekTimeStudyTests.m */; };
		A4E11AB82283FB8700E1718D /* geekTimeStudyUITests.m in Sources */ = {isa = PBXBuildFile; fileRef = A4E11AB72283FB8700E1718D /* geekTimeStudyUITests.m */; };
		A4E11ACA2284053200E1718D /* MyBlock.m in Sources */ = {isa = PBXBuildFile; fileRef = A4E11AC92284053200E1718D /* MyBlock.m */; };
		A4ECBA4E2284EEDE00746ABD /* HDRequestMgr.m in Sources */ = {isa = PBXBuildFile; fileRef = A4ECBA4D2284EEDE00746ABD /* HDRequestMgr.m */; };
		A4ECBA512284F4D400746ABD /* NSString+Manager.m in Sources */ = {isa = PBXBuildFile; fileRef = A4ECBA502284F4D400746ABD /* NSString+Manager.m */; };
		A4ECBA6C2284F96600746ABD /* ChainFunctionForCALayer.m in Sources */ = {isa = PBXBuildFile; fileRef = A4ECBA552284F96600746ABD /* ChainFunctionForCALayer.m */; };
		A4ECBA6D2284F96600746ABD /* ChainFunctionForUILabel.m in Sources */ = {isa = PBXBuildFile; fileRef = A4ECBA5B2284F96600746ABD /* ChainFunctionForUILabel.m */; };
		A4ECBA6E2284F96600746ABD /* ChainFunctionForUIImageView.m in Sources */ = {isa = PBXBuildFile; fileRef = A4ECBA5D2284F96600746ABD /* ChainFunctionForUIImageView.m */; };
		A4ECBA6F2284F96600746ABD /* ChainFunctionForUIControl.m in Sources */ = {isa = PBXBuildFile; fileRef = A4ECBA5E2284F96600746ABD /* ChainFunctionForUIControl.m */; };
		A4ECBA702284F96600746ABD /* ChainFunctionForUITableView.m in Sources */ = {isa = PBXBuildFile; fileRef = A4ECBA5F2284F96600746ABD /* ChainFunctionForUITableView.m */; };
		A4ECBA712284F96600746ABD /* ChainFunctionForUIScrollView.m in Sources */ = {isa = PBXBuildFile; fileRef = A4ECBA602284F96600746ABD /* ChainFunctionForUIScrollView.m */; };
		A4ECBA722284F96700746ABD /* ChainFunctionForUIView.m in Sources */ = {isa = PBXBuildFile; fileRef = A4ECBA612284F96600746ABD /* ChainFunctionForUIView.m */; };
		A4ECBA732284F96700746ABD /* ChainFunctionForUIButton.m in Sources */ = {isa = PBXBuildFile; fileRef = A4ECBA622284F96600746ABD /* ChainFunctionForUIButton.m */; };
		A4ECBA742284F96700746ABD /* ChainFunctionForUITextField.m in Sources */ = {isa = PBXBuildFile; fileRef = A4ECBA632284F96600746ABD /* ChainFunctionForUITextField.m */; };
		A4ECBA752284F96700746ABD /* ChainFunctionForUITextView.m in Sources */ = {isa = PBXBuildFile; fileRef = A4ECBA642284F96600746ABD /* ChainFunctionForUITextView.m */; };
		A4ECBA762284F96700746ABD /* ChainFunctionForUICollectionView.m in Sources */ = {isa = PBXBuildFile; fileRef = A4ECBA662284F96600746ABD /* ChainFunctionForUICollectionView.m */; };
		A4ECBA772284F96700746ABD /* ChainFunctionForUICollectionViewFlowLayout.m in Sources */ = {isa = PBXBuildFile; fileRef = A4ECBA682284F96600746ABD /* ChainFunctionForUICollectionViewFlowLayout.m */; };
		A4F38CA32285173B00F0110A /* DDViewMaker.m in Sources */ = {isa = PBXBuildFile; fileRef = A4F38C922285173B00F0110A /* DDViewMaker.m */; };
		A4F38CA42285173B00F0110A /* DDImageViewMaker.m in Sources */ = {isa = PBXBuildFile; fileRef = A4F38C962285173B00F0110A /* DDImageViewMaker.m */; };
		A4F38CA52285173B00F0110A /* DDTableViewMaker.m in Sources */ = {isa = PBXBuildFile; fileRef = A4F38C992285173B00F0110A /* DDTableViewMaker.m */; };
		A4F38CA62285173B00F0110A /* DDMutAttributedStringMaker.m in Sources */ = {isa = PBXBuildFile; fileRef = A4F38C9C2285173B00F0110A /* DDMutAttributedStringMaker.m */; };
		A4F38CA72285173B00F0110A /* DDLabelMaker.m in Sources */ = {isa = PBXBuildFile; fileRef = A4F38C9E2285173B00F0110A /* DDLabelMaker.m */; };
		A4F38CA82285173B00F0110A /* DDButtonMaker.m in Sources */ = {isa = PBXBuildFile; fileRef = A4F38CA12285173B00F0110A /* DDButtonMaker.m */; };
		A4F38CAB22851DBB00F0110A /* ViewController+Promise.m in Sources */ = {isa = PBXBuildFile; fileRef = A4F38CAA22851DBB00F0110A /* ViewController+Promise.m */; };
		A4F38CAF22851E9A00F0110A /* ViewController+Chain.m in Sources */ = {isa = PBXBuildFile; fileRef = A4F38CAE22851E9A00F0110A /* ViewController+Chain.m */; };
		A4F38CB32285554500F0110A /* ViewController+Response.m in Sources */ = {isa = PBXBuildFile; fileRef = A4F38CB22285554500F0110A /* ViewController+Response.m */; };
		A4F38CB82285660E00F0110A /* SMStudent.m in Sources */ = {isa = PBXBuildFile; fileRef = A4F38CB52285660D00F0110A /* SMStudent.m */; };
		A4F38CB92285660E00F0110A /* SMCreditSubject.m in Sources */ = {isa = PBXBuildFile; fileRef = A4F38CB72285660E00F0110A /* SMCreditSubject.m */; };
		F69FC8A3B9853435D3AF8FFB /* libPods-geekTimeStudyUITests.a in Frameworks */ = {isa = PBXBuildFile; fileRef = 57634EF27D33F10AA3D4818F /* libPods-geekTimeStudyUITests.a */; };
/* End PBXBuildFile section */

/* Begin PBXContainerItemProxy section */
		A4E11AA92283FB8700E1718D /* PBXContainerItemProxy */ = {
			isa = PBXContainerItemProxy;
			containerPortal = A4E11A882283FB8500E1718D /* Project object */;
			proxyType = 1;
			remoteGlobalIDString = A4E11A8F2283FB8500E1718D;
			remoteInfo = geekTimeStudy;
		};
		A4E11AB42283FB8700E1718D /* PBXContainerItemProxy */ = {
			isa = PBXContainerItemProxy;
			containerPortal = A4E11A882283FB8500E1718D /* Project object */;
			proxyType = 1;
			remoteGlobalIDString = A4E11A8F2283FB8500E1718D;
			remoteInfo = geekTimeStudy;
		};
/* End PBXContainerItemProxy section */

/* Begin PBXFileReference section */
		0AF9FF2A617D17145EE3A68E /* Pods-geekTimeStudy.debug.xcconfig */ = {isa = PBXFileReference; includeInIndex = 1; lastKnownFileType = text.xcconfig; name = "Pods-geekTimeStudy.debug.xcconfig"; path = "Pods/Target Support Files/Pods-geekTimeStudy/Pods-geekTimeStudy.debug.xcconfig"; sourceTree = "<group>"; };
		3372F1A5A307455231F11562 /* libPods-geekTimeStudy.a */ = {isa = PBXFileReference; explicitFileType = archive.ar; includeInIndex = 0; path = "libPods-geekTimeStudy.a"; sourceTree = BUILT_PRODUCTS_DIR; };
		35D77CD7CF0DD201006C5AA3 /* Pods-geekTimeStudyUITests.debug.xcconfig */ = {isa = PBXFileReference; includeInIndex = 1; lastKnownFileType = text.xcconfig; name = "Pods-geekTimeStudyUITests.debug.xcconfig"; path = "Pods/Target Support Files/Pods-geekTimeStudyUITests/Pods-geekTimeStudyUITests.debug.xcconfig"; sourceTree = "<group>"; };
		42083A1494AEA2712CF8E599 /* libPods-geekTimeStudyTests.a */ = {isa = PBXFileReference; explicitFileType = archive.ar; includeInIndex = 0; path = "libPods-geekTimeStudyTests.a"; sourceTree = BUILT_PRODUCTS_DIR; };
		57634EF27D33F10AA3D4818F /* libPods-geekTimeStudyUITests.a */ = {isa = PBXFileReference; explicitFileType = archive.ar; includeInIndex = 0; path = "libPods-geekTimeStudyUITests.a"; sourceTree = BUILT_PRODUCTS_DIR; };
		7B85F2CF755BBB2CA9BCC800 /* Pods-geekTimeStudyTests.debug.xcconfig */ = {isa = PBXFileReference; includeInIndex = 1; lastKnownFileType = text.xcconfig; name = "Pods-geekTimeStudyTests.debug.xcconfig"; path = "Pods/Target Support Files/Pods-geekTimeStudyTests/Pods-geekTimeStudyTests.debug.xcconfig"; sourceTree = "<group>"; };
		A40D3C92228955AF00EA367E /* SkyLab.h */ = {isa = PBXFileReference; fileEncoding = 4; lastKnownFileType = sourcecode.c.h; path = SkyLab.h; sourceTree = "<group>"; };
		A40D3C93228955AF00EA367E /* SkyLab.m */ = {isa = PBXFileReference; fileEncoding = 4; lastKnownFileType = sourcecode.c.objc; path = SkyLab.m; sourceTree = "<group>"; };
		A40D3C952289569D00EA367E /* ABTestViewController.h */ = {isa = PBXFileReference; lastKnownFileType = sourcecode.c.h; path = ABTestViewController.h; sourceTree = "<group>"; };
		A40D3C962289569D00EA367E /* ABTestViewController.m */ = {isa = PBXFileReference; lastKnownFileType = sourcecode.c.objc; path = ABTestViewController.m; sourceTree = "<group>"; };
		A40D3C972289569D00EA367E /* ABTestViewController.xib */ = {isa = PBXFileReference; lastKnownFileType = file.xib; path = ABTestViewController.xib; sourceTree = "<group>"; };
		A40D3CAA228D567D00EA367E /* Assets.xcassets */ = {isa = PBXFileReference; lastKnownFileType = folder.assetcatalog; path = Assets.xcassets; sourceTree = "<group>"; };
		A40D3CB0228D59BF00EA367E /* Live.storyboard */ = {isa = PBXFileReference; fileEncoding = 4; lastKnownFileType = file.storyboard; path = Live.storyboard; sourceTree = "<group>"; };
		A40D3CB5228D5A4300EA367E /* Base */ = {isa = PBXFileReference; lastKnownFileType = file.storyboard; name = Base; path = geekTimeStudy/DouYu/Classes/Main/Base.lproj/Follow.storyboard; sourceTree = SOURCE_ROOT; };
		A40D3CB7228D5A8300EA367E /* Profile.storyboard */ = {isa = PBXFileReference; fileEncoding = 4; lastKnownFileType = file.storyboard; path = Profile.storyboard; sourceTree = "<group>"; };
		A40D3CBC228D5B1F00EA367E /* MainViewController.swift */ = {isa = PBXFileReference; lastKnownFileType = sourcecode.swift; path = MainViewController.swift; sourceTree = "<group>"; };
		A40D3CC4228D638600EA367E /* HomeViewController.swift */ = {isa = PBXFileReference; lastKnownFileType = sourcecode.swift; path = HomeViewController.swift; sourceTree = "<group>"; };
		A40D3CC7228D655300EA367E /* SwiftLearning.swift */ = {isa = PBXFileReference; lastKnownFileType = sourcecode.swift; path = SwiftLearning.swift; sourceTree = "<group>"; };
		A40D3CCC228E995000EA367E /* Person.swift */ = {isa = PBXFileReference; lastKnownFileType = sourcecode.swift; path = Person.swift; sourceTree = "<group>"; };
		A40D3CCE228E99E300EA367E /* Person+Extension.swift */ = {isa = PBXFileReference; lastKnownFileType = sourcecode.swift; path = "Person+Extension.swift"; sourceTree = "<group>"; };
		A40D3CD0228EA9CD00EA367E /* Home.storyboard */ = {isa = PBXFileReference; fileEncoding = 4; lastKnownFileType = file.storyboard; path = Home.storyboard; sourceTree = "<group>"; };
		A40D3CD3228EAA7500EA367E /* UIBarButtonItem+extension.swift */ = {isa = PBXFileReference; lastKnownFileType = sourcecode.swift; path = "UIBarButtonItem+extension.swift"; sourceTree = "<group>"; };
		A40D3CD6229234BF00EA367E /* PageTitleView.swift */ = {isa = PBXFileReference; lastKnownFileType = sourcecode.swift; path = PageTitleView.swift; sourceTree = "<group>"; };
		A40D3CD8229238D200EA367E /* CommonConstant.swift */ = {isa = PBXFileReference; lastKnownFileType = sourcecode.swift; path = CommonConstant.swift; sourceTree = "<group>"; };
		A40D3CDA22924CF300EA367E /* PageContentView.swift */ = {isa = PBXFileReference; lastKnownFileType = sourcecode.swift; path = PageContentView.swift; sourceTree = "<group>"; };
		A40D3CDC2292514400EA367E /* UIColor+Extension.swift */ = {isa = PBXFileReference; lastKnownFileType = sourcecode.swift; path = "UIColor+Extension.swift"; sourceTree = "<group>"; };
		A411B86722891A8E0060C0CF /* libPromiseKit.a */ = {isa = PBXFileReference; explicitFileType = archive.ar; path = libPromiseKit.a; sourceTree = BUILT_PRODUCTS_DIR; };
		A411B86922891AB60060C0CF /* libOMPromises.a */ = {isa = PBXFileReference; explicitFileType = archive.ar; path = libOMPromises.a; sourceTree = BUILT_PRODUCTS_DIR; };
		A411B86B2289381B0060C0CF /* geekTimeStudy-Bridging-Header.h */ = {isa = PBXFileReference; lastKnownFileType = sourcecode.c.h; path = "geekTimeStudy-Bridging-Header.h"; sourceTree = "<group>"; };
		A454487B22840E6700FF66EC /* NSObject+MyCalculate.h */ = {isa = PBXFileReference; lastKnownFileType = sourcecode.c.h; path = "NSObject+MyCalculate.h"; sourceTree = "<group>"; };
		A454487C22840E6700FF66EC /* NSObject+MyCalculate.m */ = {isa = PBXFileReference; lastKnownFileType = sourcecode.c.objc; path = "NSObject+MyCalculate.m"; sourceTree = "<group>"; };
		A454487E22840ED200FF66EC /* CManager.h */ = {isa = PBXFileReference; lastKnownFileType = sourcecode.c.h; path = CManager.h; sourceTree = "<group>"; };
		A454487F22840ED200FF66EC /* CManager.m */ = {isa = PBXFileReference; lastKnownFileType = sourcecode.c.objc; path = CManager.m; sourceTree = "<group>"; };
		A4698F9D2293FA1F00E4C13C /* RecommendViewController.swift */ = {isa = PBXFileReference; lastKnownFileType = sourcecode.swift; path = RecommendViewController.swift; sourceTree = "<group>"; };
		A4698FA02294CC2800E4C13C /* NormalCollectionViewCell.swift */ = {isa = PBXFileReference; lastKnownFileType = sourcecode.swift; path = NormalCollectionViewCell.swift; sourceTree = "<group>"; };
		A4698FA12294CC2800E4C13C /* NormalCollectionViewCell.xib */ = {isa = PBXFileReference; lastKnownFileType = file.xib; path = NormalCollectionViewCell.xib; sourceTree = "<group>"; };
		A4698FA42294CCD600E4C13C /* HeaderView.swift */ = {isa = PBXFileReference; lastKnownFileType = sourcecode.swift; path = HeaderView.swift; sourceTree = "<group>"; };
		A4698FA52294CCD600E4C13C /* HeaderView.xib */ = {isa = PBXFileReference; lastKnownFileType = file.xib; path = HeaderView.xib; sourceTree = "<group>"; };
		A4698FA82294DBDE00E4C13C /* PrettyCollectionViewCell.swift */ = {isa = PBXFileReference; lastKnownFileType = sourcecode.swift; path = PrettyCollectionViewCell.swift; sourceTree = "<group>"; };
		A4698FA92294DBDE00E4C13C /* PrettyCollectionViewCell.xib */ = {isa = PBXFileReference; lastKnownFileType = file.xib; path = PrettyCollectionViewCell.xib; sourceTree = "<group>"; };
		A4DE378922893E6C005B8B9F /* Test.swift */ = {isa = PBXFileReference; lastKnownFileType = sourcecode.swift; path = Test.swift; sourceTree = "<group>"; };
		A4E11A902283FB8500E1718D /* geekTimeStudy.app */ = {isa = PBXFileReference; explicitFileType = wrapper.application; includeInIndex = 0; path = geekTimeStudy.app; sourceTree = BUILT_PRODUCTS_DIR; };
		A4E11A932283FB8500E1718D /* AppDelegate.h */ = {isa = PBXFileReference; lastKnownFileType = sourcecode.c.h; path = AppDelegate.h; sourceTree = "<group>"; };
		A4E11A942283FB8500E1718D /* AppDelegate.m */ = {isa = PBXFileReference; lastKnownFileType = sourcecode.c.objc; path = AppDelegate.m; sourceTree = "<group>"; };
		A4E11A962283FB8500E1718D /* ViewController.h */ = {isa = PBXFileReference; lastKnownFileType = sourcecode.c.h; path = ViewController.h; sourceTree = "<group>"; };
		A4E11A972283FB8500E1718D /* ViewController.m */ = {isa = PBXFileReference; lastKnownFileType = sourcecode.c.objc; path = ViewController.m; sourceTree = "<group>"; };
		A4E11A9A2283FB8500E1718D /* Base */ = {isa = PBXFileReference; lastKnownFileType = file.storyboard; name = Base; path = Base.lproj/Main.storyboard; sourceTree = "<group>"; };
		A4E11A9F2283FB8700E1718D /* Base */ = {isa = PBXFileReference; lastKnownFileType = file.storyboard; name = Base; path = Base.lproj/LaunchScreen.storyboard; sourceTree = "<group>"; };
		A4E11AA12283FB8700E1718D /* Info.plist */ = {isa = PBXFileReference; lastKnownFileType = text.plist.xml; path = Info.plist; sourceTree = "<group>"; };
		A4E11AA22283FB8700E1718D /* main.m */ = {isa = PBXFileReference; lastKnownFileType = sourcecode.c.objc; path = main.m; sourceTree = "<group>"; };
		A4E11AA82283FB8700E1718D /* geekTimeStudyTests.xctest */ = {isa = PBXFileReference; explicitFileType = wrapper.cfbundle; includeInIndex = 0; path = geekTimeStudyTests.xctest; sourceTree = BUILT_PRODUCTS_DIR; };
		A4E11AAC2283FB8700E1718D /* geekTimeStudyTests.m */ = {isa = PBXFileReference; lastKnownFileType = sourcecode.c.objc; path = geekTimeStudyTests.m; sourceTree = "<group>"; };
		A4E11AAE2283FB8700E1718D /* Info.plist */ = {isa = PBXFileReference; lastKnownFileType = text.plist.xml; path = Info.plist; sourceTree = "<group>"; };
		A4E11AB32283FB8700E1718D /* geekTimeStudyUITests.xctest */ = {isa = PBXFileReference; explicitFileType = wrapper.cfbundle; includeInIndex = 0; path = geekTimeStudyUITests.xctest; sourceTree = BUILT_PRODUCTS_DIR; };
		A4E11AB72283FB8700E1718D /* geekTimeStudyUITests.m */ = {isa = PBXFileReference; lastKnownFileType = sourcecode.c.objc; path = geekTimeStudyUITests.m; sourceTree = "<group>"; };
		A4E11AB92283FB8700E1718D /* Info.plist */ = {isa = PBXFileReference; lastKnownFileType = text.plist.xml; path = Info.plist; sourceTree = "<group>"; };
		A4E11AC82284053200E1718D /* MyBlock.h */ = {isa = PBXFileReference; lastKnownFileType = sourcecode.c.h; path = MyBlock.h; sourceTree = "<group>"; };
		A4E11AC92284053200E1718D /* MyBlock.m */ = {isa = PBXFileReference; lastKnownFileType = sourcecode.c.objc; path = MyBlock.m; sourceTree = "<group>"; };
		A4ECBA4C2284EEDE00746ABD /* HDRequestMgr.h */ = {isa = PBXFileReference; lastKnownFileType = sourcecode.c.h; path = HDRequestMgr.h; sourceTree = "<group>"; };
		A4ECBA4D2284EEDE00746ABD /* HDRequestMgr.m */ = {isa = PBXFileReference; lastKnownFileType = sourcecode.c.objc; path = HDRequestMgr.m; sourceTree = "<group>"; };
		A4ECBA4F2284F4D400746ABD /* NSString+Manager.h */ = {isa = PBXFileReference; lastKnownFileType = sourcecode.c.h; path = "NSString+Manager.h"; sourceTree = "<group>"; };
		A4ECBA502284F4D400746ABD /* NSString+Manager.m */ = {isa = PBXFileReference; lastKnownFileType = sourcecode.c.objc; path = "NSString+Manager.m"; sourceTree = "<group>"; };
		A4ECBA532284F96600746ABD /* ChainFunctionForUIView.h */ = {isa = PBXFileReference; fileEncoding = 4; lastKnownFileType = sourcecode.c.h; path = ChainFunctionForUIView.h; sourceTree = "<group>"; };
		A4ECBA542284F96600746ABD /* ChainFunctionForUIScrollView.h */ = {isa = PBXFileReference; fileEncoding = 4; lastKnownFileType = sourcecode.c.h; path = ChainFunctionForUIScrollView.h; sourceTree = "<group>"; };
		A4ECBA552284F96600746ABD /* ChainFunctionForCALayer.m */ = {isa = PBXFileReference; fileEncoding = 4; lastKnownFileType = sourcecode.c.objc; path = ChainFunctionForCALayer.m; sourceTree = "<group>"; };
		A4ECBA562284F96600746ABD /* ChainFunctionForUITextView.h */ = {isa = PBXFileReference; fileEncoding = 4; lastKnownFileType = sourcecode.c.h; path = ChainFunctionForUITextView.h; sourceTree = "<group>"; };
		A4ECBA572284F96600746ABD /* ChainFunctionHeader.h */ = {isa = PBXFileReference; fileEncoding = 4; lastKnownFileType = sourcecode.c.h; path = ChainFunctionHeader.h; sourceTree = "<group>"; };
		A4ECBA582284F96600746ABD /* ChainFunctionForUITextField.h */ = {isa = PBXFileReference; fileEncoding = 4; lastKnownFileType = sourcecode.c.h; path = ChainFunctionForUITextField.h; sourceTree = "<group>"; };
		A4ECBA592284F96600746ABD /* ChainFunctionForUIButton.h */ = {isa = PBXFileReference; fileEncoding = 4; lastKnownFileType = sourcecode.c.h; path = ChainFunctionForUIButton.h; sourceTree = "<group>"; };
		A4ECBA5A2284F96600746ABD /* ChainFunctionForUICollectionViewFlowLayout.h */ = {isa = PBXFileReference; fileEncoding = 4; lastKnownFileType = sourcecode.c.h; path = ChainFunctionForUICollectionViewFlowLayout.h; sourceTree = "<group>"; };
		A4ECBA5B2284F96600746ABD /* ChainFunctionForUILabel.m */ = {isa = PBXFileReference; fileEncoding = 4; lastKnownFileType = sourcecode.c.objc; path = ChainFunctionForUILabel.m; sourceTree = "<group>"; };
		A4ECBA5C2284F96600746ABD /* ChainFunctionForUICollectionView.h */ = {isa = PBXFileReference; fileEncoding = 4; lastKnownFileType = sourcecode.c.h; path = ChainFunctionForUICollectionView.h; sourceTree = "<group>"; };
		A4ECBA5D2284F96600746ABD /* ChainFunctionForUIImageView.m */ = {isa = PBXFileReference; fileEncoding = 4; lastKnownFileType = sourcecode.c.objc; path = ChainFunctionForUIImageView.m; sourceTree = "<group>"; };
		A4ECBA5E2284F96600746ABD /* ChainFunctionForUIControl.m */ = {isa = PBXFileReference; fileEncoding = 4; lastKnownFileType = sourcecode.c.objc; path = ChainFunctionForUIControl.m; sourceTree = "<group>"; };
		A4ECBA5F2284F96600746ABD /* ChainFunctionForUITableView.m */ = {isa = PBXFileReference; fileEncoding = 4; lastKnownFileType = sourcecode.c.objc; path = ChainFunctionForUITableView.m; sourceTree = "<group>"; };
		A4ECBA602284F96600746ABD /* ChainFunctionForUIScrollView.m */ = {isa = PBXFileReference; fileEncoding = 4; lastKnownFileType = sourcecode.c.objc; path = ChainFunctionForUIScrollView.m; sourceTree = "<group>"; };
		A4ECBA612284F96600746ABD /* ChainFunctionForUIView.m */ = {isa = PBXFileReference; fileEncoding = 4; lastKnownFileType = sourcecode.c.objc; path = ChainFunctionForUIView.m; sourceTree = "<group>"; };
		A4ECBA622284F96600746ABD /* ChainFunctionForUIButton.m */ = {isa = PBXFileReference; fileEncoding = 4; lastKnownFileType = sourcecode.c.objc; path = ChainFunctionForUIButton.m; sourceTree = "<group>"; };
		A4ECBA632284F96600746ABD /* ChainFunctionForUITextField.m */ = {isa = PBXFileReference; fileEncoding = 4; lastKnownFileType = sourcecode.c.objc; path = ChainFunctionForUITextField.m; sourceTree = "<group>"; };
		A4ECBA642284F96600746ABD /* ChainFunctionForUITextView.m */ = {isa = PBXFileReference; fileEncoding = 4; lastKnownFileType = sourcecode.c.objc; path = ChainFunctionForUITextView.m; sourceTree = "<group>"; };
		A4ECBA652284F96600746ABD /* ChainFunctionForCALayer.h */ = {isa = PBXFileReference; fileEncoding = 4; lastKnownFileType = sourcecode.c.h; path = ChainFunctionForCALayer.h; sourceTree = "<group>"; };
		A4ECBA662284F96600746ABD /* ChainFunctionForUICollectionView.m */ = {isa = PBXFileReference; fileEncoding = 4; lastKnownFileType = sourcecode.c.objc; path = ChainFunctionForUICollectionView.m; sourceTree = "<group>"; };
		A4ECBA672284F96600746ABD /* ChainFunctionForUILabel.h */ = {isa = PBXFileReference; fileEncoding = 4; lastKnownFileType = sourcecode.c.h; path = ChainFunctionForUILabel.h; sourceTree = "<group>"; };
		A4ECBA682284F96600746ABD /* ChainFunctionForUICollectionViewFlowLayout.m */ = {isa = PBXFileReference; fileEncoding = 4; lastKnownFileType = sourcecode.c.objc; path = ChainFunctionForUICollectionViewFlowLayout.m; sourceTree = "<group>"; };
		A4ECBA692284F96600746ABD /* ChainFunctionForUITableView.h */ = {isa = PBXFileReference; fileEncoding = 4; lastKnownFileType = sourcecode.c.h; path = ChainFunctionForUITableView.h; sourceTree = "<group>"; };
		A4ECBA6A2284F96600746ABD /* ChainFunctionForUIControl.h */ = {isa = PBXFileReference; fileEncoding = 4; lastKnownFileType = sourcecode.c.h; path = ChainFunctionForUIControl.h; sourceTree = "<group>"; };
		A4ECBA6B2284F96600746ABD /* ChainFunctionForUIImageView.h */ = {isa = PBXFileReference; fileEncoding = 4; lastKnownFileType = sourcecode.c.h; path = ChainFunctionForUIImageView.h; sourceTree = "<group>"; };
		A4F38C902285173B00F0110A /* DDMaker.h */ = {isa = PBXFileReference; fileEncoding = 4; lastKnownFileType = sourcecode.c.h; path = DDMaker.h; sourceTree = "<group>"; };
		A4F38C922285173B00F0110A /* DDViewMaker.m */ = {isa = PBXFileReference; fileEncoding = 4; lastKnownFileType = sourcecode.c.objc; path = DDViewMaker.m; sourceTree = "<group>"; };
		A4F38C932285173B00F0110A /* DDViewMaker.h */ = {isa = PBXFileReference; fileEncoding = 4; lastKnownFileType = sourcecode.c.h; path = DDViewMaker.h; sourceTree = "<group>"; };
		A4F38C952285173B00F0110A /* DDImageViewMaker.h */ = {isa = PBXFileReference; fileEncoding = 4; lastKnownFileType = sourcecode.c.h; path = DDImageViewMaker.h; sourceTree = "<group>"; };
		A4F38C962285173B00F0110A /* DDImageViewMaker.m */ = {isa = PBXFileReference; fileEncoding = 4; lastKnownFileType = sourcecode.c.objc; path = DDImageViewMaker.m; sourceTree = "<group>"; };
		A4F38C982285173B00F0110A /* DDTableViewMaker.h */ = {isa = PBXFileReference; fileEncoding = 4; lastKnownFileType = sourcecode.c.h; path = DDTableViewMaker.h; sourceTree = "<group>"; };
		A4F38C992285173B00F0110A /* DDTableViewMaker.m */ = {isa = PBXFileReference; fileEncoding = 4; lastKnownFileType = sourcecode.c.objc; path = DDTableViewMaker.m; sourceTree = "<group>"; };
		A4F38C9B2285173B00F0110A /* DDMutAttributedStringMaker.h */ = {isa = PBXFileReference; fileEncoding = 4; lastKnownFileType = sourcecode.c.h; path = DDMutAttributedStringMaker.h; sourceTree = "<group>"; };
		A4F38C9C2285173B00F0110A /* DDMutAttributedStringMaker.m */ = {isa = PBXFileReference; fileEncoding = 4; lastKnownFileType = sourcecode.c.objc; path = DDMutAttributedStringMaker.m; sourceTree = "<group>"; };
		A4F38C9E2285173B00F0110A /* DDLabelMaker.m */ = {isa = PBXFileReference; fileEncoding = 4; lastKnownFileType = sourcecode.c.objc; path = DDLabelMaker.m; sourceTree = "<group>"; };
		A4F38C9F2285173B00F0110A /* DDLabelMaker.h */ = {isa = PBXFileReference; fileEncoding = 4; lastKnownFileType = sourcecode.c.h; path = DDLabelMaker.h; sourceTree = "<group>"; };
		A4F38CA12285173B00F0110A /* DDButtonMaker.m */ = {isa = PBXFileReference; fileEncoding = 4; lastKnownFileType = sourcecode.c.objc; path = DDButtonMaker.m; sourceTree = "<group>"; };
		A4F38CA22285173B00F0110A /* DDButtonMaker.h */ = {isa = PBXFileReference; fileEncoding = 4; lastKnownFileType = sourcecode.c.h; path = DDButtonMaker.h; sourceTree = "<group>"; };
		A4F38CA922851DBB00F0110A /* ViewController+Promise.h */ = {isa = PBXFileReference; lastKnownFileType = sourcecode.c.h; path = "ViewController+Promise.h"; sourceTree = "<group>"; };
		A4F38CAA22851DBB00F0110A /* ViewController+Promise.m */ = {isa = PBXFileReference; lastKnownFileType = sourcecode.c.objc; path = "ViewController+Promise.m"; sourceTree = "<group>"; };
		A4F38CAD22851E9A00F0110A /* ViewController+Chain.h */ = {isa = PBXFileReference; lastKnownFileType = sourcecode.c.h; path = "ViewController+Chain.h"; sourceTree = "<group>"; };
		A4F38CAE22851E9A00F0110A /* ViewController+Chain.m */ = {isa = PBXFileReference; lastKnownFileType = sourcecode.c.objc; path = "ViewController+Chain.m"; sourceTree = "<group>"; };
		A4F38CB12285554500F0110A /* ViewController+Response.h */ = {isa = PBXFileReference; lastKnownFileType = sourcecode.c.h; path = "ViewController+Response.h"; sourceTree = "<group>"; };
		A4F38CB22285554500F0110A /* ViewController+Response.m */ = {isa = PBXFileReference; lastKnownFileType = sourcecode.c.objc; path = "ViewController+Response.m"; sourceTree = "<group>"; };
		A4F38CB42285660D00F0110A /* SMCreditSubject.h */ = {isa = PBXFileReference; fileEncoding = 4; lastKnownFileType = sourcecode.c.h; path = SMCreditSubject.h; sourceTree = "<group>"; };
		A4F38CB52285660D00F0110A /* SMStudent.m */ = {isa = PBXFileReference; fileEncoding = 4; lastKnownFileType = sourcecode.c.objc; path = SMStudent.m; sourceTree = "<group>"; };
		A4F38CB62285660D00F0110A /* SMStudent.h */ = {isa = PBXFileReference; fileEncoding = 4; lastKnownFileType = sourcecode.c.h; path = SMStudent.h; sourceTree = "<group>"; };
		A4F38CB72285660E00F0110A /* SMCreditSubject.m */ = {isa = PBXFileReference; fileEncoding = 4; lastKnownFileType = sourcecode.c.objc; path = SMCreditSubject.m; sourceTree = "<group>"; };
		ED6047A5E2071598735CD581 /* Pods-geekTimeStudy.release.xcconfig */ = {isa = PBXFileReference; includeInIndex = 1; lastKnownFileType = text.xcconfig; name = "Pods-geekTimeStudy.release.xcconfig"; path = "Pods/Target Support Files/Pods-geekTimeStudy/Pods-geekTimeStudy.release.xcconfig"; sourceTree = "<group>"; };
		F6129EBF8BD93A7FE4538787 /* Pods-geekTimeStudyUITests.release.xcconfig */ = {isa = PBXFileReference; includeInIndex = 1; lastKnownFileType = text.xcconfig; name = "Pods-geekTimeStudyUITests.release.xcconfig"; path = "Pods/Target Support Files/Pods-geekTimeStudyUITests/Pods-geekTimeStudyUITests.release.xcconfig"; sourceTree = "<group>"; };
		F75161A3692F898768ADB578 /* Pods-geekTimeStudyTests.release.xcconfig */ = {isa = PBXFileReference; includeInIndex = 1; lastKnownFileType = text.xcconfig; name = "Pods-geekTimeStudyTests.release.xcconfig"; path = "Pods/Target Support Files/Pods-geekTimeStudyTests/Pods-geekTimeStudyTests.release.xcconfig"; sourceTree = "<group>"; };
/* End PBXFileReference section */

/* Begin PBXFrameworksBuildPhase section */
		A4E11A8D2283FB8500E1718D /* Frameworks */ = {
			isa = PBXFrameworksBuildPhase;
			buildActionMask = 2147483647;
			files = (
				A411B86A22891AB60060C0CF /* libOMPromises.a in Frameworks */,
				8D6C72D3BA7A33CA4A83BFEB /* libPods-geekTimeStudy.a in Frameworks */,
			);
			runOnlyForDeploymentPostprocessing = 0;
		};
		A4E11AA52283FB8700E1718D /* Frameworks */ = {
			isa = PBXFrameworksBuildPhase;
			buildActionMask = 2147483647;
			files = (
				51F2FC9888E5EB10CAD193D0 /* libPods-geekTimeStudyTests.a in Frameworks */,
			);
			runOnlyForDeploymentPostprocessing = 0;
		};
		A4E11AB02283FB8700E1718D /* Frameworks */ = {
			isa = PBXFrameworksBuildPhase;
			buildActionMask = 2147483647;
			files = (
				F69FC8A3B9853435D3AF8FFB /* libPods-geekTimeStudyUITests.a in Frameworks */,
			);
			runOnlyForDeploymentPostprocessing = 0;
		};
/* End PBXFrameworksBuildPhase section */

/* Begin PBXGroup section */
		076D7BDA112E3E758DD4FA7C /* Pods */ = {
			isa = PBXGroup;
			children = (
				0AF9FF2A617D17145EE3A68E /* Pods-geekTimeStudy.debug.xcconfig */,
				ED6047A5E2071598735CD581 /* Pods-geekTimeStudy.release.xcconfig */,
				7B85F2CF755BBB2CA9BCC800 /* Pods-geekTimeStudyTests.debug.xcconfig */,
				F75161A3692F898768ADB578 /* Pods-geekTimeStudyTests.release.xcconfig */,
				35D77CD7CF0DD201006C5AA3 /* Pods-geekTimeStudyUITests.debug.xcconfig */,
				F6129EBF8BD93A7FE4538787 /* Pods-geekTimeStudyUITests.release.xcconfig */,
			);
			name = Pods;
			sourceTree = "<group>";
		};
		A40D3C8D2289556A00EA367E /* ABTest */ = {
			isa = PBXGroup;
			children = (
				A40D3C91228955AF00EA367E /* SkyLab */,
				A40D3C952289569D00EA367E /* ABTestViewController.h */,
				A40D3C962289569D00EA367E /* ABTestViewController.m */,
				A40D3C972289569D00EA367E /* ABTestViewController.xib */,
			);
			path = ABTest;
			sourceTree = "<group>";
		};
		A40D3C91228955AF00EA367E /* SkyLab */ = {
			isa = PBXGroup;
			children = (
				A40D3C92228955AF00EA367E /* SkyLab.h */,
				A40D3C93228955AF00EA367E /* SkyLab.m */,
			);
			path = SkyLab;
			sourceTree = "<group>";
		};
		A40D3CA0228D4CAD00EA367E /* DouYu */ = {
			isa = PBXGroup;
			children = (
				A40D3CA1228D4CC600EA367E /* Classes */,
			);
			path = DouYu;
			sourceTree = "<group>";
		};
		A40D3CA1228D4CC600EA367E /* Classes */ = {
			isa = PBXGroup;
			children = (
				A40D3CA7228D4D0F00EA367E /* Home */,
				A40D3CA5228D4CEB00EA367E /* Live */,
				A40D3CA4228D4CE300EA367E /* Profile */,
				A40D3CA3228D4CD900EA367E /* Main */,
				A40D3CA2228D4CD100EA367E /* Follow */,
				A40D3CA6228D4D0200EA367E /* Tools */,
			);
			path = Classes;
			sourceTree = "<group>";
		};
		A40D3CA2228D4CD100EA367E /* Follow */ = {
			isa = PBXGroup;
			children = (
				A40D3CB4228D5A4300EA367E /* Follow.storyboard */,
			);
			path = Follow;
			sourceTree = "<group>";
		};
		A40D3CA3228D4CD900EA367E /* Main */ = {
			isa = PBXGroup;
			children = (
				A40D3CC3228D629500EA367E /* Controller */,
				A40D3CC2228D628E00EA367E /* View */,
				A40D3CC1228D628900EA367E /* Model */,
			);
			path = Main;
			sourceTree = "<group>";
		};
		A40D3CA4228D4CE300EA367E /* Profile */ = {
			isa = PBXGroup;
			children = (
				A40D3CB7228D5A8300EA367E /* Profile.storyboard */,
			);
			path = Profile;
			sourceTree = "<group>";
		};
		A40D3CA5228D4CEB00EA367E /* Live */ = {
			isa = PBXGroup;
			children = (
				A40D3CB0228D59BF00EA367E /* Live.storyboard */,
			);
			path = Live;
			sourceTree = "<group>";
		};
		A40D3CA6228D4D0200EA367E /* Tools */ = {
			isa = PBXGroup;
			children = (
				A40D3CD5229233C500EA367E /* CustomUI */,
				A40D3CD2228EAA1B00EA367E /* Extension */,
				A40D3CD8229238D200EA367E /* CommonConstant.swift */,
			);
			path = Tools;
			sourceTree = "<group>";
		};
		A40D3CA7228D4D0F00EA367E /* Home */ = {
			isa = PBXGroup;
			children = (
				A4698F9F2294CBE700E4C13C /* ViewModel */,
				A40D3CC0228D61F300EA367E /* Model */,
				A40D3CBF228D61E800EA367E /* View */,
				A40D3CBE228D61E100EA367E /* Controller */,
			);
			path = Home;
			sourceTree = "<group>";
		};
		A40D3CBE228D61E100EA367E /* Controller */ = {
			isa = PBXGroup;
			children = (
				A40D3CC4228D638600EA367E /* HomeViewController.swift */,
				A4698F9D2293FA1F00E4C13C /* RecommendViewController.swift */,
			);
			path = Controller;
			sourceTree = "<group>";
		};
		A40D3CBF228D61E800EA367E /* View */ = {
			isa = PBXGroup;
			children = (
				A40D3CD0228EA9CD00EA367E /* Home.storyboard */,
				A4698FA02294CC2800E4C13C /* NormalCollectionViewCell.swift */,
				A4698FA12294CC2800E4C13C /* NormalCollectionViewCell.xib */,
				A4698FA42294CCD600E4C13C /* HeaderView.swift */,
				A4698FA52294CCD600E4C13C /* HeaderView.xib */,
				A4698FA82294DBDE00E4C13C /* PrettyCollectionViewCell.swift */,
				A4698FA92294DBDE00E4C13C /* PrettyCollectionViewCell.xib */,
			);
			path = View;
			sourceTree = "<group>";
		};
		A40D3CC0228D61F300EA367E /* Model */ = {
			isa = PBXGroup;
			children = (
			);
			path = Model;
			sourceTree = "<group>";
		};
		A40D3CC1228D628900EA367E /* Model */ = {
			isa = PBXGroup;
			children = (
			);
			path = Model;
			sourceTree = "<group>";
		};
		A40D3CC2228D628E00EA367E /* View */ = {
			isa = PBXGroup;
			children = (
				A4E11A992283FB8500E1718D /* Main.storyboard */,
			);
			path = View;
			sourceTree = "<group>";
		};
		A40D3CC3228D629500EA367E /* Controller */ = {
			isa = PBXGroup;
			children = (
			);
			path = Controller;
			sourceTree = "<group>";
		};
		A40D3CC6228D654100EA367E /* SwiftLearning */ = {
			isa = PBXGroup;
			children = (
				A40D3CC7228D655300EA367E /* SwiftLearning.swift */,
				A40D3CCC228E995000EA367E /* Person.swift */,
				A40D3CCE228E99E300EA367E /* Person+Extension.swift */,
			);
			path = SwiftLearning;
			sourceTree = "<group>";
		};
		A40D3CD2228EAA1B00EA367E /* Extension */ = {
			isa = PBXGroup;
			children = (
				A40D3CD3228EAA7500EA367E /* UIBarButtonItem+extension.swift */,
				A40D3CDC2292514400EA367E /* UIColor+Extension.swift */,
			);
			path = Extension;
			sourceTree = "<group>";
		};
		A40D3CD5229233C500EA367E /* CustomUI */ = {
			isa = PBXGroup;
			children = (
				A40D3CD6229234BF00EA367E /* PageTitleView.swift */,
				A40D3CDA22924CF300EA367E /* PageContentView.swift */,
			);
			path = CustomUI;
			sourceTree = "<group>";
		};
		A4698F9F2294CBE700E4C13C /* ViewModel */ = {
			isa = PBXGroup;
			children = (
			);
			path = ViewModel;
			sourceTree = "<group>";
		};
		A4E11A872283FB8500E1718D = {
			isa = PBXGroup;
			children = (
				A40D3CAA228D567D00EA367E /* Assets.xcassets */,
				A4E11A922283FB8500E1718D /* geekTimeStudy */,
				A4E11AAB2283FB8700E1718D /* geekTimeStudyTests */,
				A4E11AB62283FB8700E1718D /* geekTimeStudyUITests */,
				A4E11A912283FB8500E1718D /* Products */,
				076D7BDA112E3E758DD4FA7C /* Pods */,
				F4EEAA4EADFEA139F8846989 /* Frameworks */,
			);
			sourceTree = "<group>";
		};
		A4E11A912283FB8500E1718D /* Products */ = {
			isa = PBXGroup;
			children = (
				A4E11A902283FB8500E1718D /* geekTimeStudy.app */,
				A4E11AA82283FB8700E1718D /* geekTimeStudyTests.xctest */,
				A4E11AB32283FB8700E1718D /* geekTimeStudyUITests.xctest */,
			);
			name = Products;
			sourceTree = "<group>";
		};
		A4E11A922283FB8500E1718D /* geekTimeStudy */ = {
			isa = PBXGroup;
			children = (
				A40D3CBC228D5B1F00EA367E /* MainViewController.swift */,
				A40D3CA0228D4CAD00EA367E /* DouYu */,
				A40D3CC6228D654100EA367E /* SwiftLearning */,
				A40D3C8D2289556A00EA367E /* ABTest */,
				A4F38CB02285552800F0110A /* Response */,
				A4F38CAC22851DC600F0110A /* Promise */,
				A4ECBA4B2284EE8A00746ABD /* Chain */,
				A4ECBA4A2284EE6800746ABD /* Block */,
				A4E11A932283FB8500E1718D /* AppDelegate.h */,
				A4E11A942283FB8500E1718D /* AppDelegate.m */,
				A4E11A962283FB8500E1718D /* ViewController.h */,
				A4E11A972283FB8500E1718D /* ViewController.m */,
				A4E11A9E2283FB8700E1718D /* LaunchScreen.storyboard */,
				A4E11AA12283FB8700E1718D /* Info.plist */,
				A4E11AA22283FB8700E1718D /* main.m */,
				A4F38CAD22851E9A00F0110A /* ViewController+Chain.h */,
				A4F38CAE22851E9A00F0110A /* ViewController+Chain.m */,
			);
			path = geekTimeStudy;
			sourceTree = "<group>";
		};
		A4E11AAB2283FB8700E1718D /* geekTimeStudyTests */ = {
			isa = PBXGroup;
			children = (
				A4E11AAC2283FB8700E1718D /* geekTimeStudyTests.m */,
				A4E11AAE2283FB8700E1718D /* Info.plist */,
			);
			path = geekTimeStudyTests;
			sourceTree = "<group>";
		};
		A4E11AB62283FB8700E1718D /* geekTimeStudyUITests */ = {
			isa = PBXGroup;
			children = (
				A4E11AB72283FB8700E1718D /* geekTimeStudyUITests.m */,
				A4E11AB92283FB8700E1718D /* Info.plist */,
			);
			path = geekTimeStudyUITests;
			sourceTree = "<group>";
		};
		A4ECBA4A2284EE6800746ABD /* Block */ = {
			isa = PBXGroup;
			children = (
				A4E11AC82284053200E1718D /* MyBlock.h */,
				A4E11AC92284053200E1718D /* MyBlock.m */,
				A454487B22840E6700FF66EC /* NSObject+MyCalculate.h */,
				A454487C22840E6700FF66EC /* NSObject+MyCalculate.m */,
				A454487E22840ED200FF66EC /* CManager.h */,
				A454487F22840ED200FF66EC /* CManager.m */,
			);
			path = Block;
			sourceTree = "<group>";
		};
		A4ECBA4B2284EE8A00746ABD /* Chain */ = {
			isa = PBXGroup;
			children = (
				A4F38C8F2285173B00F0110A /* DDMaker */,
				A4ECBA522284F96600746ABD /* ChainFunction */,
				A4ECBA4C2284EEDE00746ABD /* HDRequestMgr.h */,
				A4ECBA4D2284EEDE00746ABD /* HDRequestMgr.m */,
				A4ECBA4F2284F4D400746ABD /* NSString+Manager.h */,
				A4ECBA502284F4D400746ABD /* NSString+Manager.m */,
			);
			path = Chain;
			sourceTree = "<group>";
		};
		A4ECBA522284F96600746ABD /* ChainFunction */ = {
			isa = PBXGroup;
			children = (
				A4ECBA532284F96600746ABD /* ChainFunctionForUIView.h */,
				A4ECBA542284F96600746ABD /* ChainFunctionForUIScrollView.h */,
				A4ECBA552284F96600746ABD /* ChainFunctionForCALayer.m */,
				A4ECBA562284F96600746ABD /* ChainFunctionForUITextView.h */,
				A4ECBA572284F96600746ABD /* ChainFunctionHeader.h */,
				A4ECBA582284F96600746ABD /* ChainFunctionForUITextField.h */,
				A4ECBA592284F96600746ABD /* ChainFunctionForUIButton.h */,
				A4ECBA5A2284F96600746ABD /* ChainFunctionForUICollectionViewFlowLayout.h */,
				A4ECBA5B2284F96600746ABD /* ChainFunctionForUILabel.m */,
				A4ECBA5C2284F96600746ABD /* ChainFunctionForUICollectionView.h */,
				A4ECBA5D2284F96600746ABD /* ChainFunctionForUIImageView.m */,
				A4ECBA5E2284F96600746ABD /* ChainFunctionForUIControl.m */,
				A4ECBA5F2284F96600746ABD /* ChainFunctionForUITableView.m */,
				A4ECBA602284F96600746ABD /* ChainFunctionForUIScrollView.m */,
				A4ECBA612284F96600746ABD /* ChainFunctionForUIView.m */,
				A4ECBA622284F96600746ABD /* ChainFunctionForUIButton.m */,
				A4ECBA632284F96600746ABD /* ChainFunctionForUITextField.m */,
				A4ECBA642284F96600746ABD /* ChainFunctionForUITextView.m */,
				A4ECBA652284F96600746ABD /* ChainFunctionForCALayer.h */,
				A4ECBA662284F96600746ABD /* ChainFunctionForUICollectionView.m */,
				A4ECBA672284F96600746ABD /* ChainFunctionForUILabel.h */,
				A4ECBA682284F96600746ABD /* ChainFunctionForUICollectionViewFlowLayout.m */,
				A4ECBA692284F96600746ABD /* ChainFunctionForUITableView.h */,
				A4ECBA6A2284F96600746ABD /* ChainFunctionForUIControl.h */,
				A4ECBA6B2284F96600746ABD /* ChainFunctionForUIImageView.h */,
			);
			path = ChainFunction;
			sourceTree = "<group>";
		};
		A4F38C8F2285173B00F0110A /* DDMaker */ = {
			isa = PBXGroup;
			children = (
				A4F38C902285173B00F0110A /* DDMaker.h */,
				A4F38C912285173B00F0110A /* DDViewMaker */,
				A4F38C942285173B00F0110A /* DDImageViewMaker */,
				A4F38C972285173B00F0110A /* DDTableViewMaker */,
				A4F38C9A2285173B00F0110A /* DDMutAttributedStringMaker */,
				A4F38C9D2285173B00F0110A /* DDLabelMaker */,
				A4F38CA02285173B00F0110A /* DDButtonMaker */,
			);
			path = DDMaker;
			sourceTree = "<group>";
		};
		A4F38C912285173B00F0110A /* DDViewMaker */ = {
			isa = PBXGroup;
			children = (
				A4F38C922285173B00F0110A /* DDViewMaker.m */,
				A4F38C932285173B00F0110A /* DDViewMaker.h */,
			);
			path = DDViewMaker;
			sourceTree = "<group>";
		};
		A4F38C942285173B00F0110A /* DDImageViewMaker */ = {
			isa = PBXGroup;
			children = (
				A4F38C952285173B00F0110A /* DDImageViewMaker.h */,
				A4F38C962285173B00F0110A /* DDImageViewMaker.m */,
			);
			path = DDImageViewMaker;
			sourceTree = "<group>";
		};
		A4F38C972285173B00F0110A /* DDTableViewMaker */ = {
			isa = PBXGroup;
			children = (
				A4F38C982285173B00F0110A /* DDTableViewMaker.h */,
				A4F38C992285173B00F0110A /* DDTableViewMaker.m */,
			);
			path = DDTableViewMaker;
			sourceTree = "<group>";
		};
		A4F38C9A2285173B00F0110A /* DDMutAttributedStringMaker */ = {
			isa = PBXGroup;
			children = (
				A4F38C9B2285173B00F0110A /* DDMutAttributedStringMaker.h */,
				A4F38C9C2285173B00F0110A /* DDMutAttributedStringMaker.m */,
			);
			path = DDMutAttributedStringMaker;
			sourceTree = "<group>";
		};
		A4F38C9D2285173B00F0110A /* DDLabelMaker */ = {
			isa = PBXGroup;
			children = (
				A4F38C9E2285173B00F0110A /* DDLabelMaker.m */,
				A4F38C9F2285173B00F0110A /* DDLabelMaker.h */,
			);
			path = DDLabelMaker;
			sourceTree = "<group>";
		};
		A4F38CA02285173B00F0110A /* DDButtonMaker */ = {
			isa = PBXGroup;
			children = (
				A4F38CA12285173B00F0110A /* DDButtonMaker.m */,
				A4F38CA22285173B00F0110A /* DDButtonMaker.h */,
			);
			path = DDButtonMaker;
			sourceTree = "<group>";
		};
		A4F38CAC22851DC600F0110A /* Promise */ = {
			isa = PBXGroup;
			children = (
				A4F38CA922851DBB00F0110A /* ViewController+Promise.h */,
				A4F38CAA22851DBB00F0110A /* ViewController+Promise.m */,
				A411B86B2289381B0060C0CF /* geekTimeStudy-Bridging-Header.h */,
				A4DE378922893E6C005B8B9F /* Test.swift */,
			);
			path = Promise;
			sourceTree = "<group>";
		};
		A4F38CB02285552800F0110A /* Response */ = {
			isa = PBXGroup;
			children = (
				A4F38CB42285660D00F0110A /* SMCreditSubject.h */,
				A4F38CB72285660E00F0110A /* SMCreditSubject.m */,
				A4F38CB62285660D00F0110A /* SMStudent.h */,
				A4F38CB52285660D00F0110A /* SMStudent.m */,
				A4F38CB12285554500F0110A /* ViewController+Response.h */,
				A4F38CB22285554500F0110A /* ViewController+Response.m */,
			);
			path = Response;
			sourceTree = "<group>";
		};
		F4EEAA4EADFEA139F8846989 /* Frameworks */ = {
			isa = PBXGroup;
			children = (
				A411B86922891AB60060C0CF /* libOMPromises.a */,
				A411B86722891A8E0060C0CF /* libPromiseKit.a */,
				3372F1A5A307455231F11562 /* libPods-geekTimeStudy.a */,
				42083A1494AEA2712CF8E599 /* libPods-geekTimeStudyTests.a */,
				57634EF27D33F10AA3D4818F /* libPods-geekTimeStudyUITests.a */,
			);
			name = Frameworks;
			sourceTree = "<group>";
		};
/* End PBXGroup section */

/* Begin PBXNativeTarget section */
		A4E11A8F2283FB8500E1718D /* geekTimeStudy */ = {
			isa = PBXNativeTarget;
			buildConfigurationList = A4E11ABC2283FB8700E1718D /* Build configuration list for PBXNativeTarget "geekTimeStudy" */;
			buildPhases = (
				EDBB16071FE809FD2FF81806 /* [CP] Check Pods Manifest.lock */,
				A4E11A8C2283FB8500E1718D /* Sources */,
				A4E11A8D2283FB8500E1718D /* Frameworks */,
				A4E11A8E2283FB8500E1718D /* Resources */,
			);
			buildRules = (
			);
			dependencies = (
			);
			name = geekTimeStudy;
			productName = geekTimeStudy;
			productReference = A4E11A902283FB8500E1718D /* geekTimeStudy.app */;
			productType = "com.apple.product-type.application";
		};
		A4E11AA72283FB8700E1718D /* geekTimeStudyTests */ = {
			isa = PBXNativeTarget;
			buildConfigurationList = A4E11ABF2283FB8700E1718D /* Build configuration list for PBXNativeTarget "geekTimeStudyTests" */;
			buildPhases = (
				C1A66BFD4F054B0FA35632A7 /* [CP] Check Pods Manifest.lock */,
				A4E11AA42283FB8700E1718D /* Sources */,
				A4E11AA52283FB8700E1718D /* Frameworks */,
				A4E11AA62283FB8700E1718D /* Resources */,
			);
			buildRules = (
			);
			dependencies = (
				A4E11AAA2283FB8700E1718D /* PBXTargetDependency */,
			);
			name = geekTimeStudyTests;
			productName = geekTimeStudyTests;
			productReference = A4E11AA82283FB8700E1718D /* geekTimeStudyTests.xctest */;
			productType = "com.apple.product-type.bundle.unit-test";
		};
		A4E11AB22283FB8700E1718D /* geekTimeStudyUITests */ = {
			isa = PBXNativeTarget;
			buildConfigurationList = A4E11AC22283FB8700E1718D /* Build configuration list for PBXNativeTarget "geekTimeStudyUITests" */;
			buildPhases = (
				E1856982421899E478271EBE /* [CP] Check Pods Manifest.lock */,
				A4E11AAF2283FB8700E1718D /* Sources */,
				A4E11AB02283FB8700E1718D /* Frameworks */,
				A4E11AB12283FB8700E1718D /* Resources */,
			);
			buildRules = (
			);
			dependencies = (
				A4E11AB52283FB8700E1718D /* PBXTargetDependency */,
			);
			name = geekTimeStudyUITests;
			productName = geekTimeStudyUITests;
			productReference = A4E11AB32283FB8700E1718D /* geekTimeStudyUITests.xctest */;
			productType = "com.apple.product-type.bundle.ui-testing";
		};
/* End PBXNativeTarget section */

/* Begin PBXProject section */
		A4E11A882283FB8500E1718D /* Project object */ = {
			isa = PBXProject;
			attributes = {
				LastUpgradeCheck = 1010;
				ORGANIZATIONNAME = "郝丹";
				TargetAttributes = {
					A4E11A8F2283FB8500E1718D = {
						CreatedOnToolsVersion = 10.1;
						LastSwiftMigration = 1010;
					};
					A4E11AA72283FB8700E1718D = {
						CreatedOnToolsVersion = 10.1;
						TestTargetID = A4E11A8F2283FB8500E1718D;
					};
					A4E11AB22283FB8700E1718D = {
						CreatedOnToolsVersion = 10.1;
						TestTargetID = A4E11A8F2283FB8500E1718D;
					};
				};
			};
			buildConfigurationList = A4E11A8B2283FB8500E1718D /* Build configuration list for PBXProject "geekTimeStudy" */;
			compatibilityVersion = "Xcode 9.3";
			developmentRegion = en;
			hasScannedForEncodings = 0;
			knownRegions = (
				en,
				Base,
			);
			mainGroup = A4E11A872283FB8500E1718D;
			productRefGroup = A4E11A912283FB8500E1718D /* Products */;
			projectDirPath = "";
			projectRoot = "";
			targets = (
				A4E11A8F2283FB8500E1718D /* geekTimeStudy */,
				A4E11AA72283FB8700E1718D /* geekTimeStudyTests */,
				A4E11AB22283FB8700E1718D /* geekTimeStudyUITests */,
			);
		};
/* End PBXProject section */

/* Begin PBXResourcesBuildPhase section */
		A4E11A8E2283FB8500E1718D /* Resources */ = {
			isa = PBXResourcesBuildPhase;
			buildActionMask = 2147483647;
			files = (
				A4E11AA02283FB8700E1718D /* LaunchScreen.storyboard in Resources */,
				A4698FA72294CCD600E4C13C /* HeaderView.xib in Resources */,
				A40D3CB1228D59BF00EA367E /* Live.storyboard in Resources */,
				A4698FAB2294DBDE00E4C13C /* PrettyCollectionViewCell.xib in Resources */,
				A40D3CD1228EA9CD00EA367E /* Home.storyboard in Resources */,
				A40D3CB6228D5A4300EA367E /* Follow.storyboard in Resources */,
				A4698FA32294CC2800E4C13C /* NormalCollectionViewCell.xib in Resources */,
				A4E11A9B2283FB8500E1718D /* Main.storyboard in Resources */,
				A40D3CAB228D567D00EA367E /* Assets.xcassets in Resources */,
				A40D3CB8228D5A8300EA367E /* Profile.storyboard in Resources */,
				A40D3C992289569D00EA367E /* ABTestViewController.xib in Resources */,
			);
			runOnlyForDeploymentPostprocessing = 0;
		};
		A4E11AA62283FB8700E1718D /* Resources */ = {
			isa = PBXResourcesBuildPhase;
			buildActionMask = 2147483647;
			files = (
			);
			runOnlyForDeploymentPostprocessing = 0;
		};
		A4E11AB12283FB8700E1718D /* Resources */ = {
			isa = PBXResourcesBuildPhase;
			buildActionMask = 2147483647;
			files = (
			);
			runOnlyForDeploymentPostprocessing = 0;
		};
/* End PBXResourcesBuildPhase section */

/* Begin PBXShellScriptBuildPhase section */
		C1A66BFD4F054B0FA35632A7 /* [CP] Check Pods Manifest.lock */ = {
			isa = PBXShellScriptBuildPhase;
			buildActionMask = 2147483647;
			files = (
			);
			inputFileListPaths = (
			);
			inputPaths = (
				"${PODS_PODFILE_DIR_PATH}/Podfile.lock",
				"${PODS_ROOT}/Manifest.lock",
			);
			name = "[CP] Check Pods Manifest.lock";
			outputFileListPaths = (
			);
			outputPaths = (
				"$(DERIVED_FILE_DIR)/Pods-geekTimeStudyTests-checkManifestLockResult.txt",
			);
			runOnlyForDeploymentPostprocessing = 0;
			shellPath = /bin/sh;
			shellScript = "diff \"${PODS_PODFILE_DIR_PATH}/Podfile.lock\" \"${PODS_ROOT}/Manifest.lock\" > /dev/null\nif [ $? != 0 ] ; then\n    # print error to STDERR\n    echo \"error: The sandbox is not in sync with the Podfile.lock. Run 'pod install' or update your CocoaPods installation.\" >&2\n    exit 1\nfi\n# This output is used by Xcode 'outputs' to avoid re-running this script phase.\necho \"SUCCESS\" > \"${SCRIPT_OUTPUT_FILE_0}\"\n";
			showEnvVarsInLog = 0;
		};
		E1856982421899E478271EBE /* [CP] Check Pods Manifest.lock */ = {
			isa = PBXShellScriptBuildPhase;
			buildActionMask = 2147483647;
			files = (
			);
			inputFileListPaths = (
			);
			inputPaths = (
				"${PODS_PODFILE_DIR_PATH}/Podfile.lock",
				"${PODS_ROOT}/Manifest.lock",
			);
			name = "[CP] Check Pods Manifest.lock";
			outputFileListPaths = (
			);
			outputPaths = (
				"$(DERIVED_FILE_DIR)/Pods-geekTimeStudyUITests-checkManifestLockResult.txt",
			);
			runOnlyForDeploymentPostprocessing = 0;
			shellPath = /bin/sh;
			shellScript = "diff \"${PODS_PODFILE_DIR_PATH}/Podfile.lock\" \"${PODS_ROOT}/Manifest.lock\" > /dev/null\nif [ $? != 0 ] ; then\n    # print error to STDERR\n    echo \"error: The sandbox is not in sync with the Podfile.lock. Run 'pod install' or update your CocoaPods installation.\" >&2\n    exit 1\nfi\n# This output is used by Xcode 'outputs' to avoid re-running this script phase.\necho \"SUCCESS\" > \"${SCRIPT_OUTPUT_FILE_0}\"\n";
			showEnvVarsInLog = 0;
		};
		EDBB16071FE809FD2FF81806 /* [CP] Check Pods Manifest.lock */ = {
			isa = PBXShellScriptBuildPhase;
			buildActionMask = 2147483647;
			files = (
			);
			inputFileListPaths = (
			);
			inputPaths = (
				"${PODS_PODFILE_DIR_PATH}/Podfile.lock",
				"${PODS_ROOT}/Manifest.lock",
			);
			name = "[CP] Check Pods Manifest.lock";
			outputFileListPaths = (
			);
			outputPaths = (
				"$(DERIVED_FILE_DIR)/Pods-geekTimeStudy-checkManifestLockResult.txt",
			);
			runOnlyForDeploymentPostprocessing = 0;
			shellPath = /bin/sh;
			shellScript = "diff \"${PODS_PODFILE_DIR_PATH}/Podfile.lock\" \"${PODS_ROOT}/Manifest.lock\" > /dev/null\nif [ $? != 0 ] ; then\n    # print error to STDERR\n    echo \"error: The sandbox is not in sync with the Podfile.lock. Run 'pod install' or update your CocoaPods installation.\" >&2\n    exit 1\nfi\n# This output is used by Xcode 'outputs' to avoid re-running this script phase.\necho \"SUCCESS\" > \"${SCRIPT_OUTPUT_FILE_0}\"\n";
			showEnvVarsInLog = 0;
		};
/* End PBXShellScriptBuildPhase section */

/* Begin PBXSourcesBuildPhase section */
		A4E11A8C2283FB8500E1718D /* Sources */ = {
			isa = PBXSourcesBuildPhase;
			buildActionMask = 2147483647;
			files = (
				A40D3CD4228EAA7500EA367E /* UIBarButtonItem+extension.swift in Sources */,
				A4ECBA762284F96700746ABD /* ChainFunctionForUICollectionView.m in Sources */,
				A4E11A982283FB8500E1718D /* ViewController.m in Sources */,
				A4698FA22294CC2800E4C13C /* NormalCollectionViewCell.swift in Sources */,
				A40D3CDD2292514400EA367E /* UIColor+Extension.swift in Sources */,
				A4F38CA52285173B00F0110A /* DDTableViewMaker.m in Sources */,
				A4ECBA6F2284F96600746ABD /* ChainFunctionForUIControl.m in Sources */,
				A4ECBA742284F96700746ABD /* ChainFunctionForUITextField.m in Sources */,
				A4DE378A22893E6C005B8B9F /* Test.swift in Sources */,
				A4F38CB82285660E00F0110A /* SMStudent.m in Sources */,
				A4F38CA72285173B00F0110A /* DDLabelMaker.m in Sources */,
				A4ECBA702284F96600746ABD /* ChainFunctionForUITableView.m in Sources */,
				A4ECBA4E2284EEDE00746ABD /* HDRequestMgr.m in Sources */,
				A4F38CA32285173B00F0110A /* DDViewMaker.m in Sources */,
				A4ECBA752284F96700746ABD /* ChainFunctionForUITextView.m in Sources */,
				A40D3CDB22924CF300EA367E /* PageContentView.swift in Sources */,
				A4F38CAF22851E9A00F0110A /* ViewController+Chain.m in Sources */,
				A454488022840ED200FF66EC /* CManager.m in Sources */,
				A40D3CCD228E995000EA367E /* Person.swift in Sources */,
				A40D3CBD228D5B1F00EA367E /* MainViewController.swift in Sources */,
				A4ECBA6E2284F96600746ABD /* ChainFunctionForUIImageView.m in Sources */,
				A4ECBA512284F4D400746ABD /* NSString+Manager.m in Sources */,
				A40D3C94228955AF00EA367E /* SkyLab.m in Sources */,
				A40D3CD9229238D200EA367E /* CommonConstant.swift in Sources */,
				A4698FAA2294DBDE00E4C13C /* PrettyCollectionViewCell.swift in Sources */,
				A4F38CB92285660E00F0110A /* SMCreditSubject.m in Sources */,
				A4ECBA772284F96700746ABD /* ChainFunctionForUICollectionViewFlowLayout.m in Sources */,
				A4E11ACA2284053200E1718D /* MyBlock.m in Sources */,
				A4698FA62294CCD600E4C13C /* HeaderView.swift in Sources */,
				A4E11AA32283FB8700E1718D /* main.m in Sources */,
				A40D3CD7229234BF00EA367E /* PageTitleView.swift in Sources */,
				A40D3CCF228E99E300EA367E /* Person+Extension.swift in Sources */,
				A4698F9E2293FA1F00E4C13C /* RecommendViewController.swift in Sources */,
				A4ECBA6D2284F96600746ABD /* ChainFunctionForUILabel.m in Sources */,
				A40D3CC5228D638600EA367E /* HomeViewController.swift in Sources */,
				A4ECBA6C2284F96600746ABD /* ChainFunctionForCALayer.m in Sources */,
				A4ECBA722284F96700746ABD /* ChainFunctionForUIView.m in Sources */,
				A4E11A952283FB8500E1718D /* AppDelegate.m in Sources */,
				A454487D22840E6700FF66EC /* NSObject+MyCalculate.m in Sources */,
				A4F38CA62285173B00F0110A /* DDMutAttributedStringMaker.m in Sources */,
				A40D3CC8228D655300EA367E /* SwiftLearning.swift in Sources */,
				A4F38CAB22851DBB00F0110A /* ViewController+Promise.m in Sources */,
				A4ECBA712284F96600746ABD /* ChainFunctionForUIScrollView.m in Sources */,
				A40D3C982289569D00EA367E /* ABTestViewController.m in Sources */,
				A4ECBA732284F96700746ABD /* ChainFunctionForUIButton.m in Sources */,
				A4F38CB32285554500F0110A /* ViewController+Response.m in Sources */,
				A4F38CA82285173B00F0110A /* DDButtonMaker.m in Sources */,
				A4F38CA42285173B00F0110A /* DDImageViewMaker.m in Sources */,
			);
			runOnlyForDeploymentPostprocessing = 0;
		};
		A4E11AA42283FB8700E1718D /* Sources */ = {
			isa = PBXSourcesBuildPhase;
			buildActionMask = 2147483647;
			files = (
				A4E11AAD2283FB8700E1718D /* geekTimeStudyTests.m in Sources */,
			);
			runOnlyForDeploymentPostprocessing = 0;
		};
		A4E11AAF2283FB8700E1718D /* Sources */ = {
			isa = PBXSourcesBuildPhase;
			buildActionMask = 2147483647;
			files = (
				A4E11AB82283FB8700E1718D /* geekTimeStudyUITests.m in Sources */,
			);
			runOnlyForDeploymentPostprocessing = 0;
		};
/* End PBXSourcesBuildPhase section */

/* Begin PBXTargetDependency section */
		A4E11AAA2283FB8700E1718D /* PBXTargetDependency */ = {
			isa = PBXTargetDependency;
			target = A4E11A8F2283FB8500E1718D /* geekTimeStudy */;
			targetProxy = A4E11AA92283FB8700E1718D /* PBXContainerItemProxy */;
		};
		A4E11AB52283FB8700E1718D /* PBXTargetDependency */ = {
			isa = PBXTargetDependency;
			target = A4E11A8F2283FB8500E1718D /* geekTimeStudy */;
			targetProxy = A4E11AB42283FB8700E1718D /* PBXContainerItemProxy */;
		};
/* End PBXTargetDependency section */

/* Begin PBXVariantGroup section */
		A40D3CB4228D5A4300EA367E /* Follow.storyboard */ = {
			isa = PBXVariantGroup;
			children = (
				A40D3CB5228D5A4300EA367E /* Base */,
			);
			name = Follow.storyboard;
			sourceTree = "<group>";
		};
		A4E11A992283FB8500E1718D /* Main.storyboard */ = {
			isa = PBXVariantGroup;
			children = (
				A4E11A9A2283FB8500E1718D /* Base */,
			);
			name = Main.storyboard;
			sourceTree = "<group>";
		};
		A4E11A9E2283FB8700E1718D /* LaunchScreen.storyboard */ = {
			isa = PBXVariantGroup;
			children = (
				A4E11A9F2283FB8700E1718D /* Base */,
			);
			name = LaunchScreen.storyboard;
			sourceTree = "<group>";
		};
/* End PBXVariantGroup section */

/* Begin XCBuildConfiguration section */
		A4E11ABA2283FB8700E1718D /* Debug */ = {
			isa = XCBuildConfiguration;
			buildSettings = {
				ALWAYS_SEARCH_USER_PATHS = NO;
				CLANG_ANALYZER_NONNULL = YES;
				CLANG_ANALYZER_NUMBER_OBJECT_CONVERSION = YES_AGGRESSIVE;
				CLANG_CXX_LANGUAGE_STANDARD = "gnu++14";
				CLANG_CXX_LIBRARY = "libc++";
				CLANG_ENABLE_MODULES = YES;
				CLANG_ENABLE_OBJC_ARC = YES;
				CLANG_ENABLE_OBJC_WEAK = YES;
				CLANG_WARN_BLOCK_CAPTURE_AUTORELEASING = YES;
				CLANG_WARN_BOOL_CONVERSION = YES;
				CLANG_WARN_COMMA = YES;
				CLANG_WARN_CONSTANT_CONVERSION = YES;
				CLANG_WARN_DEPRECATED_OBJC_IMPLEMENTATIONS = YES;
				CLANG_WARN_DIRECT_OBJC_ISA_USAGE = YES_ERROR;
				CLANG_WARN_DOCUMENTATION_COMMENTS = YES;
				CLANG_WARN_EMPTY_BODY = YES;
				CLANG_WARN_ENUM_CONVERSION = YES;
				CLANG_WARN_INFINITE_RECURSION = YES;
				CLANG_WARN_INT_CONVERSION = YES;
				CLANG_WARN_NON_LITERAL_NULL_CONVERSION = YES;
				CLANG_WARN_OBJC_IMPLICIT_RETAIN_SELF = YES;
				CLANG_WARN_OBJC_LITERAL_CONVERSION = YES;
				CLANG_WARN_OBJC_ROOT_CLASS = YES_ERROR;
				CLANG_WARN_RANGE_LOOP_ANALYSIS = YES;
				CLANG_WARN_STRICT_PROTOTYPES = YES;
				CLANG_WARN_SUSPICIOUS_MOVE = YES;
				CLANG_WARN_UNGUARDED_AVAILABILITY = YES_AGGRESSIVE;
				CLANG_WARN_UNREACHABLE_CODE = YES;
				CLANG_WARN__DUPLICATE_METHOD_MATCH = YES;
				CODE_SIGN_IDENTITY = "iPhone Developer";
				COPY_PHASE_STRIP = NO;
				DEBUG_INFORMATION_FORMAT = dwarf;
				ENABLE_STRICT_OBJC_MSGSEND = YES;
				ENABLE_TESTABILITY = YES;
				GCC_C_LANGUAGE_STANDARD = gnu11;
				GCC_DYNAMIC_NO_PIC = NO;
				GCC_NO_COMMON_BLOCKS = YES;
				GCC_OPTIMIZATION_LEVEL = 0;
				GCC_PREPROCESSOR_DEFINITIONS = (
					"DEBUG=1",
					"$(inherited)",
				);
				GCC_WARN_64_TO_32_BIT_CONVERSION = YES;
				GCC_WARN_ABOUT_RETURN_TYPE = YES_ERROR;
				GCC_WARN_UNDECLARED_SELECTOR = YES;
				GCC_WARN_UNINITIALIZED_AUTOS = YES_AGGRESSIVE;
				GCC_WARN_UNUSED_FUNCTION = YES;
				GCC_WARN_UNUSED_VARIABLE = YES;
				IPHONEOS_DEPLOYMENT_TARGET = 12.1;
				MTL_ENABLE_DEBUG_INFO = INCLUDE_SOURCE;
				MTL_FAST_MATH = YES;
				ONLY_ACTIVE_ARCH = YES;
				SDKROOT = iphoneos;
			};
			name = Debug;
		};
		A4E11ABB2283FB8700E1718D /* Release */ = {
			isa = XCBuildConfiguration;
			buildSettings = {
				ALWAYS_SEARCH_USER_PATHS = NO;
				CLANG_ANALYZER_NONNULL = YES;
				CLANG_ANALYZER_NUMBER_OBJECT_CONVERSION = YES_AGGRESSIVE;
				CLANG_CXX_LANGUAGE_STANDARD = "gnu++14";
				CLANG_CXX_LIBRARY = "libc++";
				CLANG_ENABLE_MODULES = YES;
				CLANG_ENABLE_OBJC_ARC = YES;
				CLANG_ENABLE_OBJC_WEAK = YES;
				CLANG_WARN_BLOCK_CAPTURE_AUTORELEASING = YES;
				CLANG_WARN_BOOL_CONVERSION = YES;
				CLANG_WARN_COMMA = YES;
				CLANG_WARN_CONSTANT_CONVERSION = YES;
				CLANG_WARN_DEPRECATED_OBJC_IMPLEMENTATIONS = YES;
				CLANG_WARN_DIRECT_OBJC_ISA_USAGE = YES_ERROR;
				CLANG_WARN_DOCUMENTATION_COMMENTS = YES;
				CLANG_WARN_EMPTY_BODY = YES;
				CLANG_WARN_ENUM_CONVERSION = YES;
				CLANG_WARN_INFINITE_RECURSION = YES;
				CLANG_WARN_INT_CONVERSION = YES;
				CLANG_WARN_NON_LITERAL_NULL_CONVERSION = YES;
				CLANG_WARN_OBJC_IMPLICIT_RETAIN_SELF = YES;
				CLANG_WARN_OBJC_LITERAL_CONVERSION = YES;
				CLANG_WARN_OBJC_ROOT_CLASS = YES_ERROR;
				CLANG_WARN_RANGE_LOOP_ANALYSIS = YES;
				CLANG_WARN_STRICT_PROTOTYPES = YES;
				CLANG_WARN_SUSPICIOUS_MOVE = YES;
				CLANG_WARN_UNGUARDED_AVAILABILITY = YES_AGGRESSIVE;
				CLANG_WARN_UNREACHABLE_CODE = YES;
				CLANG_WARN__DUPLICATE_METHOD_MATCH = YES;
				CODE_SIGN_IDENTITY = "iPhone Developer";
				COPY_PHASE_STRIP = NO;
				DEBUG_INFORMATION_FORMAT = "dwarf-with-dsym";
				ENABLE_NS_ASSERTIONS = NO;
				ENABLE_STRICT_OBJC_MSGSEND = YES;
				GCC_C_LANGUAGE_STANDARD = gnu11;
				GCC_NO_COMMON_BLOCKS = YES;
				GCC_WARN_64_TO_32_BIT_CONVERSION = YES;
				GCC_WARN_ABOUT_RETURN_TYPE = YES_ERROR;
				GCC_WARN_UNDECLARED_SELECTOR = YES;
				GCC_WARN_UNINITIALIZED_AUTOS = YES_AGGRESSIVE;
				GCC_WARN_UNUSED_FUNCTION = YES;
				GCC_WARN_UNUSED_VARIABLE = YES;
				IPHONEOS_DEPLOYMENT_TARGET = 12.1;
				MTL_ENABLE_DEBUG_INFO = NO;
				MTL_FAST_MATH = YES;
				SDKROOT = iphoneos;
				VALIDATE_PRODUCT = YES;
			};
			name = Release;
		};
		A4E11ABD2283FB8700E1718D /* Debug */ = {
			isa = XCBuildConfiguration;
			baseConfigurationReference = 0AF9FF2A617D17145EE3A68E /* Pods-geekTimeStudy.debug.xcconfig */;
			buildSettings = {
				ALWAYS_EMBED_SWIFT_STANDARD_LIBRARIES = YES;
				ASSETCATALOG_COMPILER_APPICON_NAME = AppIcon;
				ASSETCATALOG_COMPILER_LAUNCHIMAGE_NAME = LaunchImage;
				CLANG_ENABLE_MODULES = YES;
				CODE_SIGN_STYLE = Automatic;
				DEFINES_MODULE = YES;
				DEVELOPMENT_TEAM = J669Y64Z9Y;
				INFOPLIST_FILE = geekTimeStudy/Info.plist;
				IPHONEOS_DEPLOYMENT_TARGET = 8.0;
				LD_RUNPATH_SEARCH_PATHS = (
					"$(inherited)",
					"@executable_path/Frameworks",
				);
				PRODUCT_BUNDLE_IDENTIFIER = netease.geekTimeStudy;
				PRODUCT_NAME = "$(TARGET_NAME)";
				SWIFT_OBJC_BRIDGING_HEADER = "geekTimeStudy/Promise/geekTimeStudy-Bridging-Header.h";
				SWIFT_OPTIMIZATION_LEVEL = "-Onone";
				SWIFT_VERSION = 3.0;
				TARGETED_DEVICE_FAMILY = "1,2";
			};
			name = Debug;
		};
		A4E11ABE2283FB8700E1718D /* Release */ = {
			isa = XCBuildConfiguration;
			baseConfigurationReference = ED6047A5E2071598735CD581 /* Pods-geekTimeStudy.release.xcconfig */;
			buildSettings = {
				ALWAYS_EMBED_SWIFT_STANDARD_LIBRARIES = YES;
				ASSETCATALOG_COMPILER_APPICON_NAME = AppIcon;
				ASSETCATALOG_COMPILER_LAUNCHIMAGE_NAME = LaunchImage;
				CLANG_ENABLE_MODULES = YES;
				CODE_SIGN_STYLE = Automatic;
				DEFINES_MODULE = YES;
				DEVELOPMENT_TEAM = J669Y64Z9Y;
				INFOPLIST_FILE = geekTimeStudy/Info.plist;
				IPHONEOS_DEPLOYMENT_TARGET = 8.0;
				LD_RUNPATH_SEARCH_PATHS = (
					"$(inherited)",
					"@executable_path/Frameworks",
				);
				PRODUCT_BUNDLE_IDENTIFIER = netease.geekTimeStudy;
				PRODUCT_NAME = "$(TARGET_NAME)";
				SWIFT_OBJC_BRIDGING_HEADER = "geekTimeStudy/Promise/geekTimeStudy-Bridging-Header.h";
				SWIFT_VERSION = 3.0;
				TARGETED_DEVICE_FAMILY = "1,2";
			};
			name = Release;
		};
		A4E11AC02283FB8700E1718D /* Debug */ = {
			isa = XCBuildConfiguration;
			baseConfigurationReference = 7B85F2CF755BBB2CA9BCC800 /* Pods-geekTimeStudyTests.debug.xcconfig */;
			buildSettings = {
				ALWAYS_EMBED_SWIFT_STANDARD_LIBRARIES = YES;
				BUNDLE_LOADER = "$(TEST_HOST)";
				CODE_SIGN_STYLE = Automatic;
				DEVELOPMENT_TEAM = 6LA7C6D4UU;
				INFOPLIST_FILE = geekTimeStudyTests/Info.plist;
				LD_RUNPATH_SEARCH_PATHS = (
					"$(inherited)",
					"@executable_path/Frameworks",
					"@loader_path/Frameworks",
				);
				PRODUCT_BUNDLE_IDENTIFIER = netease.geekTimeStudyTests;
				PRODUCT_NAME = "$(TARGET_NAME)";
				TARGETED_DEVICE_FAMILY = "1,2";
				TEST_HOST = "$(BUILT_PRODUCTS_DIR)/geekTimeStudy.app/geekTimeStudy";
			};
			name = Debug;
		};
		A4E11AC12283FB8700E1718D /* Release */ = {
			isa = XCBuildConfiguration;
			baseConfigurationReference = F75161A3692F898768ADB578 /* Pods-geekTimeStudyTests.release.xcconfig */;
			buildSettings = {
				ALWAYS_EMBED_SWIFT_STANDARD_LIBRARIES = YES;
				BUNDLE_LOADER = "$(TEST_HOST)";
				CODE_SIGN_STYLE = Automatic;
				DEVELOPMENT_TEAM = 6LA7C6D4UU;
				INFOPLIST_FILE = geekTimeStudyTests/Info.plist;
				LD_RUNPATH_SEARCH_PATHS = (
					"$(inherited)",
					"@executable_path/Frameworks",
					"@loader_path/Frameworks",
				);
				PRODUCT_BUNDLE_IDENTIFIER = netease.geekTimeStudyTests;
				PRODUCT_NAME = "$(TARGET_NAME)";
				TARGETED_DEVICE_FAMILY = "1,2";
				TEST_HOST = "$(BUILT_PRODUCTS_DIR)/geekTimeStudy.app/geekTimeStudy";
			};
			name = Release;
		};
		A4E11AC32283FB8700E1718D /* Debug */ = {
			isa = XCBuildConfiguration;
			baseConfigurationReference = 35D77CD7CF0DD201006C5AA3 /* Pods-geekTimeStudyUITests.debug.xcconfig */;
			buildSettings = {
				ALWAYS_EMBED_SWIFT_STANDARD_LIBRARIES = YES;
				CODE_SIGN_STYLE = Automatic;
				DEVELOPMENT_TEAM = 6LA7C6D4UU;
				INFOPLIST_FILE = geekTimeStudyUITests/Info.plist;
				LD_RUNPATH_SEARCH_PATHS = (
					"$(inherited)",
					"@executable_path/Frameworks",
					"@loader_path/Frameworks",
				);
				PRODUCT_BUNDLE_IDENTIFIER = netease.geekTimeStudyUITests;
				PRODUCT_NAME = "$(TARGET_NAME)";
				TARGETED_DEVICE_FAMILY = "1,2";
				TEST_TARGET_NAME = geekTimeStudy;
			};
			name = Debug;
		};
		A4E11AC42283FB8700E1718D /* Release */ = {
			isa = XCBuildConfiguration;
			baseConfigurationReference = F6129EBF8BD93A7FE4538787 /* Pods-geekTimeStudyUITests.release.xcconfig */;
			buildSettings = {
				ALWAYS_EMBED_SWIFT_STANDARD_LIBRARIES = YES;
				CODE_SIGN_STYLE = Automatic;
				DEVELOPMENT_TEAM = 6LA7C6D4UU;
				INFOPLIST_FILE = geekTimeStudyUITests/Info.plist;
				LD_RUNPATH_SEARCH_PATHS = (
					"$(inherited)",
					"@executable_path/Frameworks",
					"@loader_path/Frameworks",
				);
				PRODUCT_BUNDLE_IDENTIFIER = netease.geekTimeStudyUITests;
				PRODUCT_NAME = "$(TARGET_NAME)";
				TARGETED_DEVICE_FAMILY = "1,2";
				TEST_TARGET_NAME = geekTimeStudy;
			};
			name = Release;
		};
/* End XCBuildConfiguration section */

/* Begin XCConfigurationList section */
		A4E11A8B2283FB8500E1718D /* Build configuration list for PBXProject "geekTimeStudy" */ = {
			isa = XCConfigurationList;
			buildConfigurations = (
				A4E11ABA2283FB8700E1718D /* Debug */,
				A4E11ABB2283FB8700E1718D /* Release */,
			);
			defaultConfigurationIsVisible = 0;
			defaultConfigurationName = Release;
		};
		A4E11ABC2283FB8700E1718D /* Build configuration list for PBXNativeTarget "geekTimeStudy" */ = {
			isa = XCConfigurationList;
			buildConfigurations = (
				A4E11ABD2283FB8700E1718D /* Debug */,
				A4E11ABE2283FB8700E1718D /* Release */,
			);
			defaultConfigurationIsVisible = 0;
			defaultConfigurationName = Release;
		};
		A4E11ABF2283FB8700E1718D /* Build configuration list for PBXNativeTarget "geekTimeStudyTests" */ = {
			isa = XCConfigurationList;
			buildConfigurations = (
				A4E11AC02283FB8700E1718D /* Debug */,
				A4E11AC12283FB8700E1718D /* Release */,
			);
			defaultConfigurationIsVisible = 0;
			defaultConfigurationName = Release;
		};
		A4E11AC22283FB8700E1718D /* Build configuration list for PBXNativeTarget "geekTimeStudyUITests" */ = {
			isa = XCConfigurationList;
			buildConfigurations = (
				A4E11AC32283FB8700E1718D /* Debug */,
				A4E11AC42283FB8700E1718D /* Release */,
			);
			defaultConfigurationIsVisible = 0;
			defaultConfigurationName = Release;
		};
/* End XCConfigurationList section */
	};
	rootObject = A4E11A882283FB8500E1718D /* Project object */;
}
